
Microsoft Visual Studio Solution File, Format Version 12.00
# Visual Studio Version 17
VisualStudioVersion = 17.6.33829.357
MinimumVisualStudioVersion = 10.0.40219.1
Project("{9A19103F-16F7-4668-BE54-9A1E7A4F7556}") = "ChellengeApp", "ChellengeApp\ChellengeApp.csproj", "{1C557F88-E0CE-47A8-9307-A09FA7F9EAEE}"
EndProject
Project("{FAE04EC0-301F-11D3-BF4B-00C04F79EFBC}") = "EmployeeTest", "EmployeeTest\EmployeeTest.csproj", "{ED530601-BC05-4C8C-8AD4-EC25680E7D98}"
EndProject
Global
	GlobalSection(SolutionConfigurationPlatforms) = preSolution
		Debug|Any CPU = Debug|Any CPU
		Release|Any CPU = Release|Any CPU
	EndGlobalSection
	GlobalSection(ProjectConfigurationPlatforms) = postSolution
		{1C557F88-E0CE-47A8-9307-A09FA7F9EAEE}.Debug|Any CPU.ActiveCfg = Debug|Any CPU
		{1C557F88-E0CE-47A8-9307-A09FA7F9EAEE}.Debug|Any CPU.Build.0 = Debug|Any CPU
		{1C557F88-E0CE-47A8-9307-A09FA7F9EAEE}.Release|Any CPU.ActiveCfg = Release|Any CPU
		{1C557F88-E0CE-47A8-9307-A09FA7F9EAEE}.Release|Any CPU.Build.0 = Release|Any CPU
		{ED530601-BC05-4C8C-8AD4-EC25680E7D98}.Debug|Any CPU.ActiveCfg = Debug|Any CPU
		{ED530601-BC05-4C8C-8AD4-EC25680E7D98}.Debug|Any CPU.Build.0 = Debug|Any CPU
		{ED530601-BC05-4C8C-8AD4-EC25680E7D98}.Release|Any CPU.ActiveCfg = Release|Any CPU
		{ED530601-BC05-4C8C-8AD4-EC25680E7D98}.Release|Any CPU.Build.0 = Release|Any CPU
	EndGlobalSection
	GlobalSection(SolutionProperties) = preSolution
		HideSolutionNode = FALSE
	EndGlobalSection
	GlobalSection(ExtensibilityGlobals) = postSolution
		SolutionGuid = {932F7C3E-085E-4DDB-980C-D48DC23C6FD2}
	EndGlobalSection
EndGlobal
